// !$*UTF8*$!
{
	archiveVersion = 1;
	classes = {
	};
	objectVersion = 46;
	objects = {

/* Begin PBXGroup section */
		9109600A1EA7AC8D00BB55F6 = {
			isa = PBXGroup;
			children = (
			);
			sourceTree = "<group>";
		};
/* End PBXGroup section */

/* Begin PBXProject section */
		9109600B1EA7AC8D00BB55F6 /* Project object */ = {
			isa = PBXProject;
			attributes = {
				LastUpgradeCheck = 0720;
			};
			buildConfigurationList = 9109600E1EA7AC8D00BB55F6 /* Build configuration list for PBXProject "FOOT" */;
			compatibilityVersion = "Xcode 3.2";
			developmentRegion = English;
			hasScannedForEncodings = 0;
			knownRegions = (
				en,
			);
			mainGroup = 9109600A1EA7AC8D00BB55F6;
			projectDirPath = "";
			projectRoot = "";
			targets = (
			);
		};
/* End PBXProject section */

/* Begin XCBuildConfiguration section */
		9109600F1EA7AC8D00BB55F6 /* Debug */ = {
			isa = XCBuildConfiguration;
			buildSettings = {
			};
			name = Debug;
		};
		910960101EA7AC8D00BB55F6 /* Release */ = {
			isa = XCBuildConfiguration;
			buildSettings = {
			};
			name = Release;
		};
/* End XCBuildConfiguration section */

/* Begin XCConfigurationList section */
		9109600E1EA7AC8D00BB55F6 /* Build configuration list for PBXProject "FOOT" */ = {
			isa = XCConfigurationList;
			buildConfigurations = (
				9109600F1EA7AC8D00BB55F6 /* Debug */,
				910960101EA7AC8D00BB55F6 /* Release */,
			);
			defaultConfigurationIsVisible = 0;
			defaultConfigurationName = Release;
		};
/* End XCConfigurationList section */
	};
	rootObject = 9109600B1EA7AC8D00BB55F6 /* Project object */;
}
